
Microsoft Visual Studio Solution File, Format Version 12.00
# Visual Studio Version 17
VisualStudioVersion = 17.10.35027.167
MinimumVisualStudioVersion = 10.0.40219.1
Project("{9A19103F-16F7-4668-BE54-9A1E7A4F7556}") = "RoomBookingApp.Core.Tests", "RoomBookingApp.Core.Tests\RoomBookingApp.Core.Tests.csproj", "{4DE1A9FE-8235-4C94-804C-0C95307B36C9}"
EndProject
Project("{9A19103F-16F7-4668-BE54-9A1E7A4F7556}") = "RoomBookingApp.Core", "RoomBookingApp.Core\RoomBookingApp.Core.csproj", "{7FEE5688-3827-42E2-BB8C-18D72E0EA38E}"
EndProject
Project("{FAE04EC0-301F-11D3-BF4B-00C04F79EFBC}") = "RoomBookingApp.Domain", "RoomBookingApp.Domain\RoomBookingApp.Domain.csproj", "{BC31DF8A-C3D5-4A85-83BD-5F3B50B6223D}"
EndProject
Project("{FAE04EC0-301F-11D3-BF4B-00C04F79EFBC}") = "RoomBookingApp.Persistence", "RoomBookingApp.Persistence\RoomBookingApp.Persistence.csproj", "{D00C166E-16C8-45CA-A14F-5A7231EE8307}"
EndProject
Project("{FAE04EC0-301F-11D3-BF4B-00C04F79EFBC}") = "RoomBookingApp.Persistence.Tests", "RoomBookingApp.Persistence.Tests\RoomBookingApp.Persistence.Tests.csproj", "{EEA61505-9E96-4E39-963B-2F6278381A0C}"
EndProject
Project("{FAE04EC0-301F-11D3-BF4B-00C04F79EFBC}") = "RoomBookingApp.Api", "RoomBookingApp.Api\RoomBookingApp.Api.csproj", "{3A1F011B-B15F-4163-88E9-85AFF87C6C24}"
EndProject
Project("{FAE04EC0-301F-11D3-BF4B-00C04F79EFBC}") = "RoomBookingApp.Api.Tests", "RoomBookingApp.Api.Tests\RoomBookingApp.Api.Tests.csproj", "{BFDFDC51-B482-4B75-AFEF-6F620DEB1392}"
EndProject
Global
	GlobalSection(SolutionConfigurationPlatforms) = preSolution
		Debug|Any CPU = Debug|Any CPU
		Release|Any CPU = Release|Any CPU
	EndGlobalSection
	GlobalSection(ProjectConfigurationPlatforms) = postSolution
		{4DE1A9FE-8235-4C94-804C-0C95307B36C9}.Debug|Any CPU.ActiveCfg = Debug|Any CPU
		{4DE1A9FE-8235-4C94-804C-0C95307B36C9}.Debug|Any CPU.Build.0 = Debug|Any CPU
		{4DE1A9FE-8235-4C94-804C-0C95307B36C9}.Release|Any CPU.ActiveCfg = Release|Any CPU
		{4DE1A9FE-8235-4C94-804C-0C95307B36C9}.Release|Any CPU.Build.0 = Release|Any CPU
		{7FEE5688-3827-42E2-BB8C-18D72E0EA38E}.Debug|Any CPU.ActiveCfg = Debug|Any CPU
		{7FEE5688-3827-42E2-BB8C-18D72E0EA38E}.Debug|Any CPU.Build.0 = Debug|Any CPU
		{7FEE5688-3827-42E2-BB8C-18D72E0EA38E}.Release|Any CPU.ActiveCfg = Release|Any CPU
		{7FEE5688-3827-42E2-BB8C-18D72E0EA38E}.Release|Any CPU.Build.0 = Release|Any CPU
		{BC31DF8A-C3D5-4A85-83BD-5F3B50B6223D}.Debug|Any CPU.ActiveCfg = Debug|Any CPU
		{BC31DF8A-C3D5-4A85-83BD-5F3B50B6223D}.Debug|Any CPU.Build.0 = Debug|Any CPU
		{BC31DF8A-C3D5-4A85-83BD-5F3B50B6223D}.Release|Any CPU.ActiveCfg = Release|Any CPU
		{BC31DF8A-C3D5-4A85-83BD-5F3B50B6223D}.Release|Any CPU.Build.0 = Release|Any CPU
		{D00C166E-16C8-45CA-A14F-5A7231EE8307}.Debug|Any CPU.ActiveCfg = Debug|Any CPU
		{D00C166E-16C8-45CA-A14F-5A7231EE8307}.Debug|Any CPU.Build.0 = Debug|Any CPU
		{D00C166E-16C8-45CA-A14F-5A7231EE8307}.Release|Any CPU.ActiveCfg = Release|Any CPU
		{D00C166E-16C8-45CA-A14F-5A7231EE8307}.Release|Any CPU.Build.0 = Release|Any CPU
		{EEA61505-9E96-4E39-963B-2F6278381A0C}.Debug|Any CPU.ActiveCfg = Debug|Any CPU
		{EEA61505-9E96-4E39-963B-2F6278381A0C}.Debug|Any CPU.Build.0 = Debug|Any CPU
		{EEA61505-9E96-4E39-963B-2F6278381A0C}.Release|Any CPU.ActiveCfg = Release|Any CPU
		{EEA61505-9E96-4E39-963B-2F6278381A0C}.Release|Any CPU.Build.0 = Release|Any CPU
		{3A1F011B-B15F-4163-88E9-85AFF87C6C24}.Debug|Any CPU.ActiveCfg = Debug|Any CPU
		{3A1F011B-B15F-4163-88E9-85AFF87C6C24}.Debug|Any CPU.Build.0 = Debug|Any CPU
		{3A1F011B-B15F-4163-88E9-85AFF87C6C24}.Release|Any CPU.ActiveCfg = Release|Any CPU
		{3A1F011B-B15F-4163-88E9-85AFF87C6C24}.Release|Any CPU.Build.0 = Release|Any CPU
		{BFDFDC51-B482-4B75-AFEF-6F620DEB1392}.Debug|Any CPU.ActiveCfg = Debug|Any CPU
		{BFDFDC51-B482-4B75-AFEF-6F620DEB1392}.Debug|Any CPU.Build.0 = Debug|Any CPU
		{BFDFDC51-B482-4B75-AFEF-6F620DEB1392}.Release|Any CPU.ActiveCfg = Release|Any CPU
		{BFDFDC51-B482-4B75-AFEF-6F620DEB1392}.Release|Any CPU.Build.0 = Release|Any CPU
	EndGlobalSection
	GlobalSection(SolutionProperties) = preSolution
		HideSolutionNode = FALSE
	EndGlobalSection
	GlobalSection(ExtensibilityGlobals) = postSolution
		SolutionGuid = {29A4FBF6-FBD2-411F-9AEB-87857A9EAA15}
	EndGlobalSection
EndGlobal
